
Microsoft Visual Studio Solution File, Format Version 12.00
# Visual Studio Version 17
VisualStudioVersion = 17.0.31903.59
MinimumVisualStudioVersion = 10.0.40219.1
Project("{2150E333-8FDC-42A3-9474-1A3956D46DE8}") = "Aula04", "Aula04", "{AA9DB573-8FBF-AD2A-31C4-7133FA26FAF8}"
EndProject
Project("{FAE04EC0-301F-11D3-BF4B-00C04F79EFBC}") = "exercicio1", "Aula04\exercicio1\exercicio1.csproj", "{98F76C53-E36A-4403-A8B6-0F1FBDDB0C07}"
EndProject
Project("{FAE04EC0-301F-11D3-BF4B-00C04F79EFBC}") = "exercicio3", "Aula04\exercicio3\exercicio3.csproj", "{B6B1ED24-A53A-4533-9579-249380F33CD7}"
EndProject
Project("{2150E333-8FDC-42A3-9474-1A3956D46DE8}") = "Aula05", "Aula05", "{8E79E8E2-0076-BB2C-8AFC-2DF921FBEA30}"
EndProject
Project("{FAE04EC0-301F-11D3-BF4B-00C04F79EFBC}") = "exercicio1", "Aula05\exercicio1\exercicio1.csproj", "{51FC403A-2ADC-488F-940F-54D3CBF7944D}"
EndProject
Project("{2150E333-8FDC-42A3-9474-1A3956D46DE8}") = "exercicio2", "exercicio2", "{F2308030-BF09-8E85-874F-508EFB0DCA3F}"
EndProject
Project("{FAE04EC0-301F-11D3-BF4B-00C04F79EFBC}") = "exercicio2", "Aula05\exercicio2\exercicio2\exercicio2.csproj", "{F02346A0-B008-4E2E-812D-14932116A60D}"
EndProject
Project("{FAE04EC0-301F-11D3-BF4B-00C04F79EFBC}") = "exercicio2", "Aula05\exercicio2\exercicio2.csproj", "{8EC909D0-F4A6-403E-B806-780A5B3829C9}"
EndProject
Global
	GlobalSection(SolutionConfigurationPlatforms) = preSolution
		Debug|Any CPU = Debug|Any CPU
		Debug|x64 = Debug|x64
		Debug|x86 = Debug|x86
		Release|Any CPU = Release|Any CPU
		Release|x64 = Release|x64
		Release|x86 = Release|x86
	EndGlobalSection
	GlobalSection(ProjectConfigurationPlatforms) = postSolution
		{98F76C53-E36A-4403-A8B6-0F1FBDDB0C07}.Debug|Any CPU.ActiveCfg = Debug|Any CPU
		{98F76C53-E36A-4403-A8B6-0F1FBDDB0C07}.Debug|Any CPU.Build.0 = Debug|Any CPU
		{98F76C53-E36A-4403-A8B6-0F1FBDDB0C07}.Debug|x64.ActiveCfg = Debug|Any CPU
		{98F76C53-E36A-4403-A8B6-0F1FBDDB0C07}.Debug|x64.Build.0 = Debug|Any CPU
		{98F76C53-E36A-4403-A8B6-0F1FBDDB0C07}.Debug|x86.ActiveCfg = Debug|Any CPU
		{98F76C53-E36A-4403-A8B6-0F1FBDDB0C07}.Debug|x86.Build.0 = Debug|Any CPU
		{98F76C53-E36A-4403-A8B6-0F1FBDDB0C07}.Release|Any CPU.ActiveCfg = Release|Any CPU
		{98F76C53-E36A-4403-A8B6-0F1FBDDB0C07}.Release|Any CPU.Build.0 = Release|Any CPU
		{98F76C53-E36A-4403-A8B6-0F1FBDDB0C07}.Release|x64.ActiveCfg = Release|Any CPU
		{98F76C53-E36A-4403-A8B6-0F1FBDDB0C07}.Release|x64.Build.0 = Release|Any CPU
		{98F76C53-E36A-4403-A8B6-0F1FBDDB0C07}.Release|x86.ActiveCfg = Release|Any CPU
		{98F76C53-E36A-4403-A8B6-0F1FBDDB0C07}.Release|x86.Build.0 = Release|Any CPU
		{B6B1ED24-A53A-4533-9579-249380F33CD7}.Debug|Any CPU.ActiveCfg = Debug|Any CPU
		{B6B1ED24-A53A-4533-9579-249380F33CD7}.Debug|Any CPU.Build.0 = Debug|Any CPU
		{B6B1ED24-A53A-4533-9579-249380F33CD7}.Debug|x64.ActiveCfg = Debug|Any CPU
		{B6B1ED24-A53A-4533-9579-249380F33CD7}.Debug|x64.Build.0 = Debug|Any CPU
		{B6B1ED24-A53A-4533-9579-249380F33CD7}.Debug|x86.ActiveCfg = Debug|Any CPU
		{B6B1ED24-A53A-4533-9579-249380F33CD7}.Debug|x86.Build.0 = Debug|Any CPU
		{B6B1ED24-A53A-4533-9579-249380F33CD7}.Release|Any CPU.ActiveCfg = Release|Any CPU
		{B6B1ED24-A53A-4533-9579-249380F33CD7}.Release|Any CPU.Build.0 = Release|Any CPU
		{B6B1ED24-A53A-4533-9579-249380F33CD7}.Release|x64.ActiveCfg = Release|Any CPU
		{B6B1ED24-A53A-4533-9579-249380F33CD7}.Release|x64.Build.0 = Release|Any CPU
		{B6B1ED24-A53A-4533-9579-249380F33CD7}.Release|x86.ActiveCfg = Release|Any CPU
		{B6B1ED24-A53A-4533-9579-249380F33CD7}.Release|x86.Build.0 = Release|Any CPU
		{51FC403A-2ADC-488F-940F-54D3CBF7944D}.Debug|Any CPU.ActiveCfg = Debug|Any CPU
		{51FC403A-2ADC-488F-940F-54D3CBF7944D}.Debug|Any CPU.Build.0 = Debug|Any CPU
		{51FC403A-2ADC-488F-940F-54D3CBF7944D}.Debug|x64.ActiveCfg = Debug|Any CPU
		{51FC403A-2ADC-488F-940F-54D3CBF7944D}.Debug|x64.Build.0 = Debug|Any CPU
		{51FC403A-2ADC-488F-940F-54D3CBF7944D}.Debug|x86.ActiveCfg = Debug|Any CPU
		{51FC403A-2ADC-488F-940F-54D3CBF7944D}.Debug|x86.Build.0 = Debug|Any CPU
		{51FC403A-2ADC-488F-940F-54D3CBF7944D}.Release|Any CPU.ActiveCfg = Release|Any CPU
		{51FC403A-2ADC-488F-940F-54D3CBF7944D}.Release|Any CPU.Build.0 = Release|Any CPU
		{51FC403A-2ADC-488F-940F-54D3CBF7944D}.Release|x64.ActiveCfg = Release|Any CPU
		{51FC403A-2ADC-488F-940F-54D3CBF7944D}.Release|x64.Build.0 = Release|Any CPU
		{51FC403A-2ADC-488F-940F-54D3CBF7944D}.Release|x86.ActiveCfg = Release|Any CPU
		{51FC403A-2ADC-488F-940F-54D3CBF7944D}.Release|x86.Build.0 = Release|Any CPU
		{F02346A0-B008-4E2E-812D-14932116A60D}.Debug|Any CPU.ActiveCfg = Debug|Any CPU
		{F02346A0-B008-4E2E-812D-14932116A60D}.Debug|Any CPU.Build.0 = Debug|Any CPU
		{F02346A0-B008-4E2E-812D-14932116A60D}.Debug|x64.ActiveCfg = Debug|Any CPU
		{F02346A0-B008-4E2E-812D-14932116A60D}.Debug|x64.Build.0 = Debug|Any CPU
		{F02346A0-B008-4E2E-812D-14932116A60D}.Debug|x86.ActiveCfg = Debug|Any CPU
		{F02346A0-B008-4E2E-812D-14932116A60D}.Debug|x86.Build.0 = Debug|Any CPU
		{F02346A0-B008-4E2E-812D-14932116A60D}.Release|Any CPU.ActiveCfg = Release|Any CPU
		{F02346A0-B008-4E2E-812D-14932116A60D}.Release|Any CPU.Build.0 = Release|Any CPU
		{F02346A0-B008-4E2E-812D-14932116A60D}.Release|x64.ActiveCfg = Release|Any CPU
		{F02346A0-B008-4E2E-812D-14932116A60D}.Release|x64.Build.0 = Release|Any CPU
		{F02346A0-B008-4E2E-812D-14932116A60D}.Release|x86.ActiveCfg = Release|Any CPU
		{F02346A0-B008-4E2E-812D-14932116A60D}.Release|x86.Build.0 = Release|Any CPU
		{8EC909D0-F4A6-403E-B806-780A5B3829C9}.Debug|Any CPU.ActiveCfg = Debug|Any CPU
		{8EC909D0-F4A6-403E-B806-780A5B3829C9}.Debug|Any CPU.Build.0 = Debug|Any CPU
		{8EC909D0-F4A6-403E-B806-780A5B3829C9}.Debug|x64.ActiveCfg = Debug|Any CPU
		{8EC909D0-F4A6-403E-B806-780A5B3829C9}.Debug|x64.Build.0 = Debug|Any CPU
		{8EC909D0-F4A6-403E-B806-780A5B3829C9}.Debug|x86.ActiveCfg = Debug|Any CPU
		{8EC909D0-F4A6-403E-B806-780A5B3829C9}.Debug|x86.Build.0 = Debug|Any CPU
		{8EC909D0-F4A6-403E-B806-780A5B3829C9}.Release|Any CPU.ActiveCfg = Release|Any CPU
		{8EC909D0-F4A6-403E-B806-780A5B3829C9}.Release|Any CPU.Build.0 = Release|Any CPU
		{8EC909D0-F4A6-403E-B806-780A5B3829C9}.Release|x64.ActiveCfg = Release|Any CPU
		{8EC909D0-F4A6-403E-B806-780A5B3829C9}.Release|x64.Build.0 = Release|Any CPU
		{8EC909D0-F4A6-403E-B806-780A5B3829C9}.Release|x86.ActiveCfg = Release|Any CPU
		{8EC909D0-F4A6-403E-B806-780A5B3829C9}.Release|x86.Build.0 = Release|Any CPU
	EndGlobalSection
	GlobalSection(SolutionProperties) = preSolution
		HideSolutionNode = FALSE
	EndGlobalSection
	GlobalSection(NestedProjects) = preSolution
		{98F76C53-E36A-4403-A8B6-0F1FBDDB0C07} = {AA9DB573-8FBF-AD2A-31C4-7133FA26FAF8}
		{B6B1ED24-A53A-4533-9579-249380F33CD7} = {AA9DB573-8FBF-AD2A-31C4-7133FA26FAF8}
		{51FC403A-2ADC-488F-940F-54D3CBF7944D} = {8E79E8E2-0076-BB2C-8AFC-2DF921FBEA30}
		{F2308030-BF09-8E85-874F-508EFB0DCA3F} = {8E79E8E2-0076-BB2C-8AFC-2DF921FBEA30}
		{F02346A0-B008-4E2E-812D-14932116A60D} = {F2308030-BF09-8E85-874F-508EFB0DCA3F}
		{8EC909D0-F4A6-403E-B806-780A5B3829C9} = {8E79E8E2-0076-BB2C-8AFC-2DF921FBEA30}
	EndGlobalSection
EndGlobal
